
Microsoft Visual Studio Solution File, Format Version 12.00
# Visual Studio Version 16
VisualStudioVersion = 16.0.31424.327
MinimumVisualStudioVersion = 10.0.40219.1
Project("{9A19103F-16F7-4668-BE54-9A1E7A4F7556}") = "WebApplication1", "WebApplication1\WebApplication1.csproj", "{B281D9DD-5722-4D67-A00E-B97E5AE4FA31}"
EndProject
Global
	GlobalSection(SolutionConfigurationPlatforms) = preSolution
		Debug|Any CPU = Debug|Any CPU
		Release|Any CPU = Release|Any CPU
	EndGlobalSection
	GlobalSection(ProjectConfigurationPlatforms) = postSolution
		{B281D9DD-5722-4D67-A00E-B97E5AE4FA31}.Debug|Any CPU.ActiveCfg = Debug|Any CPU
		{B281D9DD-5722-4D67-A00E-B97E5AE4FA31}.Debug|Any CPU.Build.0 = Debug|Any CPU
		{B281D9DD-5722-4D67-A00E-B97E5AE4FA31}.Release|Any CPU.ActiveCfg = Release|Any CPU
		{B281D9DD-5722-4D67-A00E-B97E5AE4FA31}.Release|Any CPU.Build.0 = Release|Any CPU
	EndGlobalSection
	GlobalSection(SolutionProperties) = preSolution
		HideSolutionNode = FALSE
	EndGlobalSection
	GlobalSection(ExtensibilityGlobals) = postSolution
		SolutionGuid = {2401D7E9-917A-47D1-81FA-C70224E7AB96}
	EndGlobalSection
EndGlobal
